lockfileVersion: '9.0'

settings:
  autoInstallPeers: true
  excludeLinksFromLockfile: false

importers:

  .:
    devDependencies:
      prettier:
        specifier: ^3.7.4
        version: 3.7.4
      prettier-plugin-organize-imports:
        specifier: ^4.3.0
        version: 4.3.0(prettier@3.7.4)(typescript@5.9.3)

packages:

  prettier-plugin-organize-imports@4.3.0:
    resolution: {integrity: sha512-FxFz0qFhyBsGdIsb697f/EkvHzi5SZOhWAjxcx2dLt+Q532bAlhswcXGYB1yzjZ69kW8UoadFBw7TyNwlq96Iw==}
    peerDependencies:
      prettier: '>=2.0'
      typescript: '>=2.9'
      vue-tsc: ^2.1.0 || 3
    peerDependenciesMeta:
      vue-tsc:
        optional: true

  prettier@3.7.4:
    resolution: {integrity: sha512-v6UNi1+3hSlVvv8fSaoUbggEM5VErKmmpGA7Pl3HF8V6uKY7rvClBOJlH6yNwQtfTueNkGVpOv/mtWL9L4bgRA==}
    engines: {node: '>=14'}
    hasBin: true

  typescript@5.9.3:
    resolution: {integrity: sha512-jl1vZzPDinLr9eUt3J/t7V6FgNEw9QjvBPdysz9KfQDD41fQrC2Y4vKQdiaUpFT4bXlb1RHhLpp8wtm6M5TgSw==}
    engines: {node: '>=14.17'}
    hasBin: true

snapshots:

  prettier-plugin-organize-imports@4.3.0(prettier@3.7.4)(typescript@5.9.3):
    dependencies:
      prettier: 3.7.4
      typescript: 5.9.3

  prettier@3.7.4: {}

  typescript@5.9.3: {}
